
Microsoft Visual Studio Solution File, Format Version 12.00
# Visual Studio Version 17
VisualStudioVersion = 17.0.31903.59
MinimumVisualStudioVersion = 10.0.40219.1
Project("{FAE04EC0-301F-11D3-BF4B-00C04F79EFBC}") = "DonutHypixelPlayerComparer", "src\DonutHypixelPlayerComparer\DonutHypixelPlayerComparer.csproj", "{8F8DBE45-3F68-4D95-9F2C-79D7A07B5807}"
EndProject
Project("{FAE04EC0-301F-11D3-BF4B-00C04F79EFBC}") = "DonutHypixelPlayerComparer.Tests", "tests\DonutHypixelPlayerComparer.Tests\DonutHypixelPlayerComparer.Tests.csproj", "{772B60E0-878A-4475-936C-05B8E188B4A9}"
EndProject
Global
	GlobalSection(SolutionConfigurationPlatforms) = preSolution
		Debug|Any CPU = Debug|Any CPU
		Release|Any CPU = Release|Any CPU
	EndGlobalSection
	GlobalSection(ProjectConfigurationPlatforms) = postSolution
		{8F8DBE45-3F68-4D95-9F2C-79D7A07B5807}.Debug|Any CPU.ActiveCfg = Debug|Any CPU
		{8F8DBE45-3F68-4D95-9F2C-79D7A07B5807}.Debug|Any CPU.Build.0 = Debug|Any CPU
		{8F8DBE45-3F68-4D95-9F2C-79D7A07B5807}.Release|Any CPU.ActiveCfg = Release|Any CPU
		{8F8DBE45-3F68-4D95-9F2C-79D7A07B5807}.Release|Any CPU.Build.0 = Release|Any CPU
		{772B60E0-878A-4475-936C-05B8E188B4A9}.Debug|Any CPU.ActiveCfg = Debug|Any CPU
		{772B60E0-878A-4475-936C-05B8E188B4A9}.Debug|Any CPU.Build.0 = Debug|Any CPU
		{772B60E0-878A-4475-936C-05B8E188B4A9}.Release|Any CPU.ActiveCfg = Release|Any CPU
		{772B60E0-878A-4475-936C-05B8E188B4A9}.Release|Any CPU.Build.0 = Release|Any CPU
	EndGlobalSection
EndGlobal
